
Microsoft Visual Studio Solution File, Format Version 12.00
# Visual Studio 15
VisualStudioVersion = 15.0.28307.489
MinimumVisualStudioVersion = 10.0.40219.1
Project("{FAE04EC0-301F-11D3-BF4B-00C04F79EFBC}") = "Flowershop", "Flowershop\Flowershop.csproj", "{693EE328-81FF-47C6-B932-D82EBEC02721}"
EndProject
Global
	GlobalSection(SolutionConfigurationPlatforms) = preSolution
		Debug|Any CPU = Debug|Any CPU
		Release|Any CPU = Release|Any CPU
	EndGlobalSection
	GlobalSection(ProjectConfigurationPlatforms) = postSolution
		{693EE328-81FF-47C6-B932-D82EBEC02721}.Debug|Any CPU.ActiveCfg = Debug|Any CPU
		{693EE328-81FF-47C6-B932-D82EBEC02721}.Debug|Any CPU.Build.0 = Debug|Any CPU
		{693EE328-81FF-47C6-B932-D82EBEC02721}.Release|Any CPU.ActiveCfg = Release|Any CPU
		{693EE328-81FF-47C6-B932-D82EBEC02721}.Release|Any CPU.Build.0 = Release|Any CPU
	EndGlobalSection
	GlobalSection(SolutionProperties) = preSolution
		HideSolutionNode = FALSE
	EndGlobalSection
	GlobalSection(ExtensibilityGlobals) = postSolution
		SolutionGuid = {A3F1E9C2-D601-48CE-8862-13EAE681B2B1}
	EndGlobalSection
EndGlobal
